Microsoft Visual Studio Solution File, Format Version 12.00
# Visual Studio 15
VisualStudioVersion = 15.0.27130.2036
MinimumVisualStudioVersion = 10.0.40219.1
Project("{9A19103F-16F7-4668-BE54-9A1E7A4F7556}") = "BrightLight.Shared", "BrightLight.Shared\BrightLight.Shared.csproj", "{6686B407-67EC-47D4-A58F-5564C23694F1}"
EndProject
Project("{FAE04EC0-301F-11D3-BF4B-00C04F79EFBC}") = "BrightLight.WPF", "Brightlight.WPF\BrightLight.WPF.csproj", "{C9133CFD-DB43-43B9-8BBB-843002C9B680}"
	ProjectSection(ProjectDependencies) = postProject
		{6686B407-67EC-47D4-A58F-5564C23694F1} = {6686B407-67EC-47D4-A58F-5564C23694F1}
		{111958B1-C0A9-42BD-9056-16967CDF5C94} = {111958B1-C0A9-42BD-9056-16967CDF5C94}
	EndProjectSection
EndProject
Project("{9A19103F-16F7-4668-BE54-9A1E7A4F7556}") = "BrightLight.PluginInterface", "BrightLight.PluginInterface\BrightLight.PluginInterface.csproj", "{2C766595-8148-4E4C-B92C-9498F7AF2407}"
EndProject
Project("{9A19103F-16F7-4668-BE54-9A1E7A4F7556}") = "BrightLight.Plugin.Builtin", "BrightLight.Plugin.Builtin\BrightLight.Plugin.Builtin.csproj", "{111958B1-C0A9-42BD-9056-16967CDF5C94}"
EndProject
Global
	GlobalSection(SolutionConfigurationPlatforms) = preSolution
		Debug|Any CPU = Debug|Any CPU
		Release|Any CPU = Release|Any CPU
	EndGlobalSection
	GlobalSection(ProjectConfigurationPlatforms) = postSolution
		{6686B407-67EC-47D4-A58F-5564C23694F1}.Debug|Any CPU.ActiveCfg = Debug|Any CPU
		{6686B407-67EC-47D4-A58F-5564C23694F1}.Debug|Any CPU.Build.0 = Debug|Any CPU
		{6686B407-67EC-47D4-A58F-5564C23694F1}.Release|Any CPU.ActiveCfg = Release|Any CPU
		{6686B407-67EC-47D4-A58F-5564C23694F1}.Release|Any CPU.Build.0 = Release|Any CPU
		{C9133CFD-DB43-43B9-8BBB-843002C9B680}.Debug|Any CPU.ActiveCfg = Debug|Any CPU
		{C9133CFD-DB43-43B9-8BBB-843002C9B680}.Debug|Any CPU.Build.0 = Debug|Any CPU
		{C9133CFD-DB43-43B9-8BBB-843002C9B680}.Release|Any CPU.ActiveCfg = Debug|Any CPU
		{C9133CFD-DB43-43B9-8BBB-843002C9B680}.Release|Any CPU.Build.0 = Debug|Any CPU
		{2C766595-8148-4E4C-B92C-9498F7AF2407}.Debug|Any CPU.ActiveCfg = Debug|Any CPU
		{2C766595-8148-4E4C-B92C-9498F7AF2407}.Debug|Any CPU.Build.0 = Debug|Any CPU
		{2C766595-8148-4E4C-B92C-9498F7AF2407}.Release|Any CPU.ActiveCfg = Release|Any CPU
		{2C766595-8148-4E4C-B92C-9498F7AF2407}.Release|Any CPU.Build.0 = Release|Any CPU
		{111958B1-C0A9-42BD-9056-16967CDF5C94}.Debug|Any CPU.ActiveCfg = Debug|Any CPU
		{111958B1-C0A9-42BD-9056-16967CDF5C94}.Debug|Any CPU.Build.0 = Debug|Any CPU
		{111958B1-C0A9-42BD-9056-16967CDF5C94}.Release|Any CPU.ActiveCfg = Release|Any CPU
		{111958B1-C0A9-42BD-9056-16967CDF5C94}.Release|Any CPU.Build.0 = Release|Any CPU
	EndGlobalSection
	GlobalSection(SolutionProperties) = preSolution
		HideSolutionNode = FALSE
	EndGlobalSection
	GlobalSection(ExtensibilityGlobals) = postSolution
		SolutionGuid = {BAD18301-30B0-4858-B442-2A17028E0F98}
	EndGlobalSection
EndGlobal
